
Microsoft Visual Studio Solution File, Format Version 12.00
# Visual Studio 15
Project("{FAE04EC0-301F-11D3-BF4B-00C04F79EFBC}") = "BF2ModToolsCopyPaster", "BF2ModToolsCopyPaster.csproj", "{D10C3868-80FA-46C0-AFD5-D1AEAAF488B6}"
EndProject
Project("{FAE04EC0-301F-11D3-BF4B-00C04F79EFBC}") = "LibSWBF2", "..\..\libSWBF2_CSharp\LibSWBF2\LibSWBF2.csproj", "{EB1B6CDB-7671-4300-8B04-F2C6865FD79B}"
EndProject
Global
	GlobalSection(SolutionConfigurationPlatforms) = preSolution
		Debug|x86 = Debug|x86
		Release|x86 = Release|x86
	EndGlobalSection
	GlobalSection(ProjectConfigurationPlatforms) = postSolution
		{D10C3868-80FA-46C0-AFD5-D1AEAAF488B6}.Debug|x86.ActiveCfg = Debug|x86
		{D10C3868-80FA-46C0-AFD5-D1AEAAF488B6}.Debug|x86.Build.0 = Debug|x86
		{D10C3868-80FA-46C0-AFD5-D1AEAAF488B6}.Release|x86.ActiveCfg = Release|x86
		{D10C3868-80FA-46C0-AFD5-D1AEAAF488B6}.Release|x86.Build.0 = Release|x86
		{EB1B6CDB-7671-4300-8B04-F2C6865FD79B}.Debug|x86.ActiveCfg = Debug|Any CPU
		{EB1B6CDB-7671-4300-8B04-F2C6865FD79B}.Debug|x86.Build.0 = Debug|Any CPU
		{EB1B6CDB-7671-4300-8B04-F2C6865FD79B}.Release|x86.ActiveCfg = Release|Any CPU
		{EB1B6CDB-7671-4300-8B04-F2C6865FD79B}.Release|x86.Build.0 = Release|Any CPU
	EndGlobalSection
EndGlobal
