
Microsoft Visual Studio Solution File, Format Version 12.00
# Visual Studio Version 16
VisualStudioVersion = 16.0.30517.126
MinimumVisualStudioVersion = 10.0.40219.1
Project("{9A19103F-16F7-4668-BE54-9A1E7A4F7556}") = "BF2ModToolsCopyPaster", "BF2ModToolsCopyPaster.csproj", "{0017F303-9308-40B6-8106-00B9C3077F15}"
EndProject
Project("{FAE04EC0-301F-11D3-BF4B-00C04F79EFBC}") = "LibSWBF2", "..\..\libSWBF2_CSharp\LibSWBF2\LibSWBF2.csproj", "{EB1B6CDB-7671-4300-8B04-F2C6865FD79B}"
EndProject
Global
	GlobalSection(SolutionConfigurationPlatforms) = preSolution
		Debug|Any CPU = Debug|Any CPU
		Release|Any CPU = Release|Any CPU
	EndGlobalSection
	GlobalSection(ProjectConfigurationPlatforms) = postSolution
		{0017F303-9308-40B6-8106-00B9C3077F15}.Debug|Any CPU.ActiveCfg = Debug|Any CPU
		{0017F303-9308-40B6-8106-00B9C3077F15}.Debug|Any CPU.Build.0 = Debug|Any CPU
		{0017F303-9308-40B6-8106-00B9C3077F15}.Release|Any CPU.ActiveCfg = Release|Any CPU
		{0017F303-9308-40B6-8106-00B9C3077F15}.Release|Any CPU.Build.0 = Release|Any CPU
		{EB1B6CDB-7671-4300-8B04-F2C6865FD79B}.Debug|Any CPU.ActiveCfg = Debug|Any CPU
		{EB1B6CDB-7671-4300-8B04-F2C6865FD79B}.Debug|Any CPU.Build.0 = Debug|Any CPU
		{EB1B6CDB-7671-4300-8B04-F2C6865FD79B}.Release|Any CPU.ActiveCfg = Release|Any CPU
		{EB1B6CDB-7671-4300-8B04-F2C6865FD79B}.Release|Any CPU.Build.0 = Release|Any CPU
	EndGlobalSection
	GlobalSection(SolutionProperties) = preSolution
		HideSolutionNode = FALSE
	EndGlobalSection
	GlobalSection(ExtensibilityGlobals) = postSolution
		SolutionGuid = {541309F2-432D-4B48-AD40-A80E39C9231D}
	EndGlobalSection
EndGlobal
